{
	"name": "typescript-native-composite-default-project-panic",
	"version": "0.0.0",
	"lockfileVersion": 3,
	"requires": true,
	"packages": {
		"": {
			"name": "typescript-native-composite-default-project-panic",
			"version": "0.0.0",
			"license": "MIT",
			"devDependencies": {
				"typescript": "7.1.0-dev.20261001.1"
			}
		},
		"node_modules/@typescript/typescript-darwin-arm64": {
			"version": "7.1.0-dev.20261001.1",
			"resolved": "https://registry.npmjs.org/@typescript/typescript-darwin-arm64/-/typescript-darwin-arm64-7.1.0-dev.20261001.1.tgz",
			"integrity": "sha512-LKHKuZcqmrl2bVgAufg3nbajpzoqi8cZzTs4gFi2G9P818TzbVE0WqdttpeeS2kVtLRIgEzSAtz4cIYJVf2Tpw==",
			"cpu": [
				"arm64"
			],
			"dev": true,
			"license": "Apache-2.0",
			"optional": true,
			"os": [
				"darwin"
			],
			"engines": {
				"node": ">=16.20.0"
			}
		},
		"node_modules/@typescript/typescript-darwin-x64": {
			"version": "7.1.0-dev.20261001.1",
			"resolved": "https://registry.npmjs.org/@typescript/typescript-darwin-x64/-/typescript-darwin-x64-7.1.0-dev.20261001.1.tgz",
			"integrity": "sha512-V5mCrDb+rwsd/FaL/9LVa7xi+SrfGdFMXTkKVSAPf7X/6W9IaVhgbI3ls2DJmwAJz+aj61mzWGrbCpscNyQ9lw==",
			"cpu": [
				"x64"
			],
			"dev": true,
			"license": "Apache-2.0",
			"optional": true,
			"os": [
				"darwin"
			],
			"engines": {
				"node": ">=16.20.0"
			}
		},
		"node_modules/@typescript/typescript-linux-arm": {
			"version": "7.1.0-dev.20261001.1",
			"resolved": "https://registry.npmjs.org/@typescript/typescript-linux-arm/-/typescript-linux-arm-7.1.0-dev.20261001.1.tgz",
			"integrity": "sha512-E6IrllW2irit2sfxf3uF9tnr7TEM/qTdCW4t8f6G2P1AkG8JrqmUzEFENBsjawQDK7qsI0r9qrDEH0HbQ3kXyw==",
			"cpu": [
				"arm"
			],
			"dev": true,
			"license": "Apache-2.0",
			"optional": true,
			"os": [
				"linux"
			],
			"engines": {
				"node": ">=16.20.0"
			}
		},
		"node_modules/@typescript/typescript-linux-arm64": {
			"version": "7.1.0-dev.20261001.1",
			"resolved": "https://registry.npmjs.org/@typescript/typescript-linux-arm64/-/typescript-linux-arm64-7.1.0-dev.20261001.1.tgz",
			"integrity": "sha512-mLp3CyqlvUIAaEBukoO3g2XDKrrp3nhSPhuiBJY0jgL3sNXBnDftT3HKpxwo9Vcob8Nm81STwpZqlaVu2Ac3JA==",
			"cpu": [
				"arm64"
			],
			"dev": true,
			"license": "Apache-2.0",
			"optional": true,
			"os": [
				"linux"
			],
			"engines": {
				"node": ">=16.20.0"
			}
		},
		"node_modules/@typescript/typescript-linux-x64": {
			"version": "7.1.0-dev.20261001.1",
			"resolved": "https://registry.npmjs.org/@typescript/typescript-linux-x64/-/typescript-linux-x64-7.1.0-dev.20261001.1.tgz",
			"integrity": "sha512-eeQeMpclyWrop39qgNdYH8kv3bemwWCgcDTxdPro8BlVmdcbGTj0ZZ2gn4k7+2VsdUNgLaV/RBF6D8hbZlC3fQ==",
			"cpu": [
				"x64"
			],
			"dev": true,
			"license": "Apache-2.0",
			"optional": true,
			"os": [
				"linux"
			],
			"engines": {
				"node": ">=16.20.0"
			}
		},
		"node_modules/@typescript/typescript-win32-arm64": {
			"version": "7.1.0-dev.20261001.1",
			"resolved": "https://registry.npmjs.org/@typescript/typescript-win32-arm64/-/typescript-win32-arm64-7.1.0-dev.20261001.1.tgz",
			"integrity": "sha512-IDYs+tMs2meMaDmxF9jrU83dAlKtAWdY7VZi28iyF56wIG9mVhkk3vSqz5kpv0H8ZdiS3RbM9zsVNomkeZLqdA==",
			"cpu": [
				"arm64"
			],
			"dev": true,
			"license": "Apache-2.0",
			"optional": true,
			"os": [
				"win32"
			],
			"engines": {
				"node": ">=16.20.0"
			}
		},
		"node_modules/@typescript/typescript-win32-x64": {
			"version": "7.1.0-dev.20261001.1",
			"resolved": "https://registry.npmjs.org/@typescript/typescript-win32-x64/-/typescript-win32-x64-7.1.0-dev.20261001.1.tgz",
			"integrity": "sha512-bBsPJS1vjRXp/2w/Ls7egCEkGHYRd2YBoowpPUb1FKZNhyyHh8UKe/WU9GeC8iOE/kjehZoW/ik/T3AFk3aqMg==",
			"cpu": [
				"x64"
			],
			"dev": true,
			"license": "Apache-2.0",
			"optional": true,
			"os": [
				"win32"
			],
			"engines": {
				"node": ">=16.20.0"
			}
		},
		"node_modules/typescript": {
			"version": "7.1.0-dev.20261001.1",
			"resolved": "https://registry.npmjs.org/typescript/-/typescript-7.1.0-dev.20261001.1.tgz",
			"integrity": "sha512-dxDPNCeLRo5mAIqgbE0tg7dLVIqOGatg54SzZnGFT6DjQwlqfyeg+QlLDTBIevbD2Zp2TFghekNpfMkBp6xdpA==",
			"dev": true,
			"license": "Apache-2.0",
			"bin": {
				"tsc": "bin/tsc"
			},
			"engines": {
				"node": ">=16.20.0"
			},
			"optionalDependencies": {
				"@typescript/typescript-darwin-arm64": "7.1.0-dev.20261001.1",
				"@typescript/typescript-darwin-x64": "7.1.0-dev.20261001.1",
				"@typescript/typescript-linux-arm": "7.1.0-dev.20261001.1",
				"@typescript/typescript-linux-arm64": "7.1.0-dev.20261001.1",
				"@typescript/typescript-linux-x64": "7.1.0-dev.20261001.1",
				"@typescript/typescript-win32-arm64": "7.1.0-dev.20261001.1",
				"@typescript/typescript-win32-x64": "7.1.0-dev.20261001.1"
			}
		}
	}
}
